Microsoft Visual Studio Solution File, Format Version 12.00
# Visual Studio Version 17
VisualStudioVersion = 17.5.2.0
MinimumVisualStudioVersion = 10.0.40219.1
Project("{FAE04EC0-301F-11D3-BF4B-00C04F79EFBC}") = "game-challenge", "game-challenge.csproj", "{15E56FDC-BC6A-3A6F-AE8B-27709C5E951A}"
EndProject
Global
	GlobalSection(SolutionConfigurationPlatforms) = preSolution
		Debug|Any CPU = Debug|Any CPU
		Release|Any CPU = Release|Any CPU
	EndGlobalSection
	GlobalSection(ProjectConfigurationPlatforms) = postSolution
		{15E56FDC-BC6A-3A6F-AE8B-27709C5E951A}.Debug|Any CPU.ActiveCfg = Debug|Any CPU
		{15E56FDC-BC6A-3A6F-AE8B-27709C5E951A}.Debug|Any CPU.Build.0 = Debug|Any CPU
		{15E56FDC-BC6A-3A6F-AE8B-27709C5E951A}.Release|Any CPU.ActiveCfg = Release|Any CPU
		{15E56FDC-BC6A-3A6F-AE8B-27709C5E951A}.Release|Any CPU.Build.0 = Release|Any CPU
	EndGlobalSection
	GlobalSection(SolutionProperties) = preSolution
		HideSolutionNode = FALSE
	EndGlobalSection
	GlobalSection(ExtensibilityGlobals) = postSolution
		SolutionGuid = {7F833C4E-F779-4D33-AB41-E62E2CB2A910}
	EndGlobalSection
EndGlobal
